
Microsoft Visual Studio Solution File, Format Version 12.00
# Visual Studio Version 16
VisualStudioVersion = 16.0.30011.22
MinimumVisualStudioVersion = 10.0.40219.1
Project("{9A19103F-16F7-4668-BE54-9A1E7A4F7556}") = "IdentityServer", "IdentityServer\IdentityServer.csproj", "{E8C0B240-4384-4270-A983-F65A8EAF432C}"
EndProject
Project("{FAE04EC0-301F-11D3-BF4B-00C04F79EFBC}") = "SecureAPI", "SecureAPI\SecureAPI.csproj", "{DA83B6F2-26A5-493F-8A8A-FEE5FF3D9674}"
EndProject
Project("{FAE04EC0-301F-11D3-BF4B-00C04F79EFBC}") = "ClientConsole", "ClientConsole\ClientConsole.csproj", "{64BFD2EC-2AEB-4D64-B7D7-98EFFB5C3D18}"
EndProject
Project("{FAE04EC0-301F-11D3-BF4B-00C04F79EFBC}") = "ClientMVC", "ClientMVC\ClientMVC.csproj", "{D36D0530-5190-4509-A8F0-779A270B8094}"
EndProject
Global
	GlobalSection(SolutionConfigurationPlatforms) = preSolution
		Debug|Any CPU = Debug|Any CPU
		Release|Any CPU = Release|Any CPU
	EndGlobalSection
	GlobalSection(ProjectConfigurationPlatforms) = postSolution
		{E8C0B240-4384-4270-A983-F65A8EAF432C}.Debug|Any CPU.ActiveCfg = Debug|Any CPU
		{E8C0B240-4384-4270-A983-F65A8EAF432C}.Debug|Any CPU.Build.0 = Debug|Any CPU
		{E8C0B240-4384-4270-A983-F65A8EAF432C}.Release|Any CPU.ActiveCfg = Release|Any CPU
		{E8C0B240-4384-4270-A983-F65A8EAF432C}.Release|Any CPU.Build.0 = Release|Any CPU
		{DA83B6F2-26A5-493F-8A8A-FEE5FF3D9674}.Debug|Any CPU.ActiveCfg = Debug|Any CPU
		{DA83B6F2-26A5-493F-8A8A-FEE5FF3D9674}.Debug|Any CPU.Build.0 = Debug|Any CPU
		{DA83B6F2-26A5-493F-8A8A-FEE5FF3D9674}.Release|Any CPU.ActiveCfg = Release|Any CPU
		{DA83B6F2-26A5-493F-8A8A-FEE5FF3D9674}.Release|Any CPU.Build.0 = Release|Any CPU
		{64BFD2EC-2AEB-4D64-B7D7-98EFFB5C3D18}.Debug|Any CPU.ActiveCfg = Debug|Any CPU
		{64BFD2EC-2AEB-4D64-B7D7-98EFFB5C3D18}.Debug|Any CPU.Build.0 = Debug|Any CPU
		{64BFD2EC-2AEB-4D64-B7D7-98EFFB5C3D18}.Release|Any CPU.ActiveCfg = Release|Any CPU
		{64BFD2EC-2AEB-4D64-B7D7-98EFFB5C3D18}.Release|Any CPU.Build.0 = Release|Any CPU
		{D36D0530-5190-4509-A8F0-779A270B8094}.Debug|Any CPU.ActiveCfg = Debug|Any CPU
		{D36D0530-5190-4509-A8F0-779A270B8094}.Debug|Any CPU.Build.0 = Debug|Any CPU
		{D36D0530-5190-4509-A8F0-779A270B8094}.Release|Any CPU.ActiveCfg = Release|Any CPU
		{D36D0530-5190-4509-A8F0-779A270B8094}.Release|Any CPU.Build.0 = Release|Any CPU
	EndGlobalSection
	GlobalSection(SolutionProperties) = preSolution
		HideSolutionNode = FALSE
	EndGlobalSection
	GlobalSection(ExtensibilityGlobals) = postSolution
		SolutionGuid = {9156073C-E097-4FC9-907D-43D6E8A66D73}
	EndGlobalSection
EndGlobal
